
Microsoft Visual Studio Solution File, Format Version 12.00
# Visual Studio Version 16
VisualStudioVersion = 16.0.31424.327
MinimumVisualStudioVersion = 10.0.40219.1
Project("{FAE04EC0-301F-11D3-BF4B-00C04F79EFBC}") = "Epam.Library.ConsolePL", "Epam.Library.ConsolePL\Epam.Library.ConsolePL.csproj", "{0E5BE2DE-DE10-4CB9-8A75-A12F8BD3C49F}"
EndProject
Project("{FAE04EC0-301F-11D3-BF4B-00C04F79EFBC}") = "Epam.Library.BLL", "Epam.Library.BLL\Epam.Library.BLL.csproj", "{8EEFA1F7-E4C0-4498-AC24-F59EE375CC7A}"
EndProject
Project("{FAE04EC0-301F-11D3-BF4B-00C04F79EFBC}") = "Epam.Library.Entities", "Epam.Labrary.Entities\Epam.Library.Entities.csproj", "{C854759E-C323-4B12-BA45-C63C6CA2F85F}"
EndProject
Project("{FAE04EC0-301F-11D3-BF4B-00C04F79EFBC}") = "Epam.Library.SqlDAL", "Epam.Library.SqlDAL\Epam.Library.SqlDAL.csproj", "{1CC5F24F-47A1-4621-B8C5-58F3FD3C0792}"
EndProject
Project("{FAE04EC0-301F-11D3-BF4B-00C04F79EFBC}") = "Epam.Library.JsonDAL", "Epam.Labrary.JsonDAL\Epam.Library.JsonDAL.csproj", "{8C2B0F92-19C7-4E47-8DE7-7AE3290B7168}"
EndProject
Project("{2150E333-8FDC-42A3-9474-1A3956D46DE8}") = "BLL", "BLL", "{16C52964-9ECC-47FC-90CB-59A55B87CA36}"
EndProject
Project("{2150E333-8FDC-42A3-9474-1A3956D46DE8}") = "DAL", "DAL", "{F90373F9-9B3E-4CC4-A45F-1CF00734062C}"
EndProject
Project("{2150E333-8FDC-42A3-9474-1A3956D46DE8}") = "PL", "PL", "{B09BC2A5-D67F-490B-9E02-4054607D006F}"
EndProject
Project("{2150E333-8FDC-42A3-9474-1A3956D46DE8}") = "Common", "Common", "{2392552C-D590-4D16-8B72-FF2716EECD66}"
EndProject
Project("{FAE04EC0-301F-11D3-BF4B-00C04F79EFBC}") = "Epam.Library.DAL.Interfaces", "Epam.Books.DAL.Interfaces\Epam.Library.DAL.Interfaces.csproj", "{306D6C33-990A-47BB-9AB9-5A19A8F31539}"
EndProject
Project("{FAE04EC0-301F-11D3-BF4B-00C04F79EFBC}") = "Epam.Library.Dependencies", "Epam.Library.Dependencies\Epam.Library.Dependencies.csproj", "{F443570D-1F15-4F23-B164-660519CF3FCF}"
EndProject
Project("{FAE04EC0-301F-11D3-BF4B-00C04F79EFBC}") = "Epam.Library.BLL.Interfaces", "Epam.Library.BLL.Interfaces\Epam.Library.BLL.Interfaces.csproj", "{A720DD8B-93E4-4D80-B5B2-2A1CB660459F}"
EndProject
Global
	GlobalSection(SolutionConfigurationPlatforms) = preSolution
		Debug|Any CPU = Debug|Any CPU
		Release|Any CPU = Release|Any CPU
	EndGlobalSection
	GlobalSection(ProjectConfigurationPlatforms) = postSolution
		{0E5BE2DE-DE10-4CB9-8A75-A12F8BD3C49F}.Debug|Any CPU.ActiveCfg = Debug|Any CPU
		{0E5BE2DE-DE10-4CB9-8A75-A12F8BD3C49F}.Debug|Any CPU.Build.0 = Debug|Any CPU
		{0E5BE2DE-DE10-4CB9-8A75-A12F8BD3C49F}.Release|Any CPU.ActiveCfg = Release|Any CPU
		{0E5BE2DE-DE10-4CB9-8A75-A12F8BD3C49F}.Release|Any CPU.Build.0 = Release|Any CPU
		{8EEFA1F7-E4C0-4498-AC24-F59EE375CC7A}.Debug|Any CPU.ActiveCfg = Debug|Any CPU
		{8EEFA1F7-E4C0-4498-AC24-F59EE375CC7A}.Debug|Any CPU.Build.0 = Debug|Any CPU
		{8EEFA1F7-E4C0-4498-AC24-F59EE375CC7A}.Release|Any CPU.ActiveCfg = Release|Any CPU
		{8EEFA1F7-E4C0-4498-AC24-F59EE375CC7A}.Release|Any CPU.Build.0 = Release|Any CPU
		{C854759E-C323-4B12-BA45-C63C6CA2F85F}.Debug|Any CPU.ActiveCfg = Debug|Any CPU
		{C854759E-C323-4B12-BA45-C63C6CA2F85F}.Debug|Any CPU.Build.0 = Debug|Any CPU
		{C854759E-C323-4B12-BA45-C63C6CA2F85F}.Release|Any CPU.ActiveCfg = Release|Any CPU
		{C854759E-C323-4B12-BA45-C63C6CA2F85F}.Release|Any CPU.Build.0 = Release|Any CPU
		{1CC5F24F-47A1-4621-B8C5-58F3FD3C0792}.Debug|Any CPU.ActiveCfg = Debug|Any CPU
		{1CC5F24F-47A1-4621-B8C5-58F3FD3C0792}.Debug|Any CPU.Build.0 = Debug|Any CPU
		{1CC5F24F-47A1-4621-B8C5-58F3FD3C0792}.Release|Any CPU.ActiveCfg = Release|Any CPU
		{1CC5F24F-47A1-4621-B8C5-58F3FD3C0792}.Release|Any CPU.Build.0 = Release|Any CPU
		{8C2B0F92-19C7-4E47-8DE7-7AE3290B7168}.Debug|Any CPU.ActiveCfg = Debug|Any CPU
		{8C2B0F92-19C7-4E47-8DE7-7AE3290B7168}.Debug|Any CPU.Build.0 = Debug|Any CPU
		{8C2B0F92-19C7-4E47-8DE7-7AE3290B7168}.Release|Any CPU.ActiveCfg = Release|Any CPU
		{8C2B0F92-19C7-4E47-8DE7-7AE3290B7168}.Release|Any CPU.Build.0 = Release|Any CPU
		{306D6C33-990A-47BB-9AB9-5A19A8F31539}.Debug|Any CPU.ActiveCfg = Debug|Any CPU
		{306D6C33-990A-47BB-9AB9-5A19A8F31539}.Debug|Any CPU.Build.0 = Debug|Any CPU
		{306D6C33-990A-47BB-9AB9-5A19A8F31539}.Release|Any CPU.ActiveCfg = Release|Any CPU
		{306D6C33-990A-47BB-9AB9-5A19A8F31539}.Release|Any CPU.Build.0 = Release|Any CPU
		{F443570D-1F15-4F23-B164-660519CF3FCF}.Debug|Any CPU.ActiveCfg = Debug|Any CPU
		{F443570D-1F15-4F23-B164-660519CF3FCF}.Debug|Any CPU.Build.0 = Debug|Any CPU
		{F443570D-1F15-4F23-B164-660519CF3FCF}.Release|Any CPU.ActiveCfg = Release|Any CPU
		{F443570D-1F15-4F23-B164-660519CF3FCF}.Release|Any CPU.Build.0 = Release|Any CPU
		{A720DD8B-93E4-4D80-B5B2-2A1CB660459F}.Debug|Any CPU.ActiveCfg = Debug|Any CPU
		{A720DD8B-93E4-4D80-B5B2-2A1CB660459F}.Debug|Any CPU.Build.0 = Debug|Any CPU
		{A720DD8B-93E4-4D80-B5B2-2A1CB660459F}.Release|Any CPU.ActiveCfg = Release|Any CPU
		{A720DD8B-93E4-4D80-B5B2-2A1CB660459F}.Release|Any CPU.Build.0 = Release|Any CPU
	EndGlobalSection
	GlobalSection(SolutionProperties) = preSolution
		HideSolutionNode = FALSE
	EndGlobalSection
	GlobalSection(NestedProjects) = preSolution
		{0E5BE2DE-DE10-4CB9-8A75-A12F8BD3C49F} = {B09BC2A5-D67F-490B-9E02-4054607D006F}
		{8EEFA1F7-E4C0-4498-AC24-F59EE375CC7A} = {16C52964-9ECC-47FC-90CB-59A55B87CA36}
		{C854759E-C323-4B12-BA45-C63C6CA2F85F} = {2392552C-D590-4D16-8B72-FF2716EECD66}
		{1CC5F24F-47A1-4621-B8C5-58F3FD3C0792} = {F90373F9-9B3E-4CC4-A45F-1CF00734062C}
		{8C2B0F92-19C7-4E47-8DE7-7AE3290B7168} = {F90373F9-9B3E-4CC4-A45F-1CF00734062C}
		{306D6C33-990A-47BB-9AB9-5A19A8F31539} = {F90373F9-9B3E-4CC4-A45F-1CF00734062C}
		{F443570D-1F15-4F23-B164-660519CF3FCF} = {2392552C-D590-4D16-8B72-FF2716EECD66}
		{A720DD8B-93E4-4D80-B5B2-2A1CB660459F} = {16C52964-9ECC-47FC-90CB-59A55B87CA36}
	EndGlobalSection
	GlobalSection(ExtensibilityGlobals) = postSolution
		SolutionGuid = {66ACAFAF-C84A-4D85-AA07-A25D4458DA24}
	EndGlobalSection
EndGlobal
